// !$*UTF8*$!
{
	archiveVersion = 1;
	classes = {
	};
	objectVersion = 54;
	objects = {

/* Begin PBXBuildFile section */
		51CADEA5C3513FD1117385C3 /* Pods_DesafioCamp_ODS10.framework in Frameworks */ = {isa = PBXBuildFile; fileRef = 797B211730F0ACC4395CEF95 /* Pods_DesafioCamp_ODS10.framework */; };
		7E2D15FB280B52D00060FECD /* TableViewList.swift in Sources */ = {isa = PBXBuildFile; fileRef = 7E2D15FA280B52D00060FECD /* TableViewList.swift */; };
		7E2D15FD280B5DDD0060FECD /* Constants.swift in Sources */ = {isa = PBXBuildFile; fileRef = 7E2D15FC280B5DDD0060FECD /* Constants.swift */; };
		7E4D390F280B4DD000A7F25B /* DocumentsParams.swift in Sources */ = {isa = PBXBuildFile; fileRef = 7E4D390E280B4DD000A7F25B /* DocumentsParams.swift */; };
		7E4D3911280B4DEA00A7F25B /* UserDocumentsParams.swift in Sources */ = {isa = PBXBuildFile; fileRef = 7E4D3910280B4DEA00A7F25B /* UserDocumentsParams.swift */; };
		7E4D3913280B4E0700A7F25B /* DocumentsPresenter.swift in Sources */ = {isa = PBXBuildFile; fileRef = 7E4D3912280B4E0700A7F25B /* DocumentsPresenter.swift */; };
		7E4D3915280B4E2D00A7F25B /* UserDocumentsPresenter.swift in Sources */ = {isa = PBXBuildFile; fileRef = 7E4D3914280B4E2D00A7F25B /* UserDocumentsPresenter.swift */; };
		7E4D3917280B4E4C00A7F25B /* DocumentsDonePresenter.swift in Sources */ = {isa = PBXBuildFile; fileRef = 7E4D3916280B4E4C00A7F25B /* DocumentsDonePresenter.swift */; };
		7E4D3919280B4ECC00A7F25B /* HomeTableView.swift in Sources */ = {isa = PBXBuildFile; fileRef = 7E4D3918280B4ECC00A7F25B /* HomeTableView.swift */; };
		7E4D391B280B4F1200A7F25B /* TableCellComposition.swift in Sources */ = {isa = PBXBuildFile; fileRef = 7E4D391A280B4F1200A7F25B /* TableCellComposition.swift */; };
		7E58D68F280B06D40095AFFB /* AppDelegate.swift in Sources */ = {isa = PBXBuildFile; fileRef = 7E58D68E280B06D40095AFFB /* AppDelegate.swift */; };
		7E58D691280B06D40095AFFB /* SceneDelegate.swift in Sources */ = {isa = PBXBuildFile; fileRef = 7E58D690280B06D40095AFFB /* SceneDelegate.swift */; };
		7E58D693280B06D40095AFFB /* HomeViewController.swift in Sources */ = {isa = PBXBuildFile; fileRef = 7E58D692280B06D40095AFFB /* HomeViewController.swift */; };
		7E58D696280B06D40095AFFB /* Main.storyboard in Resources */ = {isa = PBXBuildFile; fileRef = 7E58D694280B06D40095AFFB /* Main.storyboard */; };
		7E58D698280B06D50095AFFB /* Assets.xcassets in Resources */ = {isa = PBXBuildFile; fileRef = 7E58D697280B06D50095AFFB /* Assets.xcassets */; };
		7E58D69B280B06D50095AFFB /* LaunchScreen.storyboard in Resources */ = {isa = PBXBuildFile; fileRef = 7E58D699280B06D50095AFFB /* LaunchScreen.storyboard */; };
		7E58D6A4280B0BCD0095AFFB /* Mulish-Bold.ttf in Resources */ = {isa = PBXBuildFile; fileRef = 7E58D6A3280B0BCD0095AFFB /* Mulish-Bold.ttf */; };
		7E58D6A6280B0BD60095AFFB /* Mulish-Medium.ttf in Resources */ = {isa = PBXBuildFile; fileRef = 7E58D6A5280B0BD60095AFFB /* Mulish-Medium.ttf */; };
		7E58D6A8280B0BDE0095AFFB /* Mulish-Regular.ttf in Resources */ = {isa = PBXBuildFile; fileRef = 7E58D6A7280B0BDE0095AFFB /* Mulish-Regular.ttf */; };
		7E58D6AA280B0BEB0095AFFB /* Mulish-Black.ttf in Resources */ = {isa = PBXBuildFile; fileRef = 7E58D6A9280B0BEB0095AFFB /* Mulish-Black.ttf */; };
		7E58D6AC280B13650095AFFB /* Mulish-SemiBold.ttf in Resources */ = {isa = PBXBuildFile; fileRef = 7E58D6AB280B13650095AFFB /* Mulish-SemiBold.ttf */; };
		7E58D6AE280B25D30095AFFB /* ConfigureStoryboard.swift in Sources */ = {isa = PBXBuildFile; fileRef = 7E58D6AD280B25D30095AFFB /* ConfigureStoryboard.swift */; };
/* End PBXBuildFile section */

/* Begin PBXFileReference section */
		2203F455AC22DEDCAD0BF8EE /* Pods-DesafioCamp_ODS10.debug.xcconfig */ = {isa = PBXFileReference; includeInIndex = 1; lastKnownFileType = text.xcconfig; name = "Pods-DesafioCamp_ODS10.debug.xcconfig"; path = "Target Support Files/Pods-DesafioCamp_ODS10/Pods-DesafioCamp_ODS10.debug.xcconfig"; sourceTree = "<group>"; };
		797B211730F0ACC4395CEF95 /* Pods_DesafioCamp_ODS10.framework */ = {isa = PBXFileReference; explicitFileType = wrapper.framework; includeInIndex = 0; path = Pods_DesafioCamp_ODS10.framework; sourceTree = BUILT_PRODUCTS_DIR; };
		7E2D15FA280B52D00060FECD /* TableViewList.swift */ = {isa = PBXFileReference; lastKnownFileType = sourcecode.swift; path = TableViewList.swift; sourceTree = "<group>"; };
		7E2D15FC280B5DDD0060FECD /* Constants.swift */ = {isa = PBXFileReference; lastKnownFileType = sourcecode.swift; path = Constants.swift; sourceTree = "<group>"; };
		7E4D390E280B4DD000A7F25B /* DocumentsParams.swift */ = {isa = PBXFileReference; lastKnownFileType = sourcecode.swift; path = DocumentsParams.swift; sourceTree = "<group>"; };
		7E4D3910280B4DEA00A7F25B /* UserDocumentsParams.swift */ = {isa = PBXFileReference; lastKnownFileType = sourcecode.swift; path = UserDocumentsParams.swift; sourceTree = "<group>"; };
		7E4D3912280B4E0700A7F25B /* DocumentsPresenter.swift */ = {isa = PBXFileReference; lastKnownFileType = sourcecode.swift; path = DocumentsPresenter.swift; sourceTree = "<group>"; };
		7E4D3914280B4E2D00A7F25B /* UserDocumentsPresenter.swift */ = {isa = PBXFileReference; lastKnownFileType = sourcecode.swift; path = UserDocumentsPresenter.swift; sourceTree = "<group>"; };
		7E4D3916280B4E4C00A7F25B /* DocumentsDonePresenter.swift */ = {isa = PBXFileReference; lastKnownFileType = sourcecode.swift; path = DocumentsDonePresenter.swift; sourceTree = "<group>"; };
		7E4D3918280B4ECC00A7F25B /* HomeTableView.swift */ = {isa = PBXFileReference; lastKnownFileType = sourcecode.swift; path = HomeTableView.swift; sourceTree = "<group>"; };
		7E4D391A280B4F1200A7F25B /* TableCellComposition.swift */ = {isa = PBXFileReference; lastKnownFileType = sourcecode.swift; path = TableCellComposition.swift; sourceTree = "<group>"; };
		7E58D68B280B06D40095AFFB /* DesafioCamp_ODS10.app */ = {isa = PBXFileReference; explicitFileType = wrapper.application; includeInIndex = 0; path = DesafioCamp_ODS10.app; sourceTree = BUILT_PRODUCTS_DIR; };
		7E58D68E280B06D40095AFFB /* AppDelegate.swift */ = {isa = PBXFileReference; lastKnownFileType = sourcecode.swift; path = AppDelegate.swift; sourceTree = "<group>"; };
		7E58D690280B06D40095AFFB /* SceneDelegate.swift */ = {isa = PBXFileReference; lastKnownFileType = sourcecode.swift; path = SceneDelegate.swift; sourceTree = "<group>"; };
		7E58D692280B06D40095AFFB /* HomeViewController.swift */ = {isa = PBXFileReference; lastKnownFileType = sourcecode.swift; path = HomeViewController.swift; sourceTree = "<group>"; };
		7E58D695280B06D40095AFFB /* Base */ = {isa = PBXFileReference; lastKnownFileType = file.storyboard; name = Base; path = Base.lproj/Main.storyboard; sourceTree = "<group>"; };
		7E58D697280B06D50095AFFB /* Assets.xcassets */ = {isa = PBXFileReference; lastKnownFileType = folder.assetcatalog; path = Assets.xcassets; sourceTree = "<group>"; };
		7E58D69A280B06D50095AFFB /* Base */ = {isa = PBXFileReference; lastKnownFileType = file.storyboard; name = Base; path = Base.lproj/LaunchScreen.storyboard; sourceTree = "<group>"; };
		7E58D69C280B06D50095AFFB /* Info.plist */ = {isa = PBXFileReference; lastKnownFileType = text.plist.xml; path = Info.plist; sourceTree = "<group>"; };
		7E58D6A3280B0BCD0095AFFB /* Mulish-Bold.ttf */ = {isa = PBXFileReference; lastKnownFileType = file; path = "Mulish-Bold.ttf"; sourceTree = "<group>"; };
		7E58D6A5280B0BD60095AFFB /* Mulish-Medium.ttf */ = {isa = PBXFileReference; lastKnownFileType = file; path = "Mulish-Medium.ttf"; sourceTree = "<group>"; };
		7E58D6A7280B0BDE0095AFFB /* Mulish-Regular.ttf */ = {isa = PBXFileReference; lastKnownFileType = file; path = "Mulish-Regular.ttf"; sourceTree = "<group>"; };
		7E58D6A9280B0BEB0095AFFB /* Mulish-Black.ttf */ = {isa = PBXFileReference; lastKnownFileType = file; path = "Mulish-Black.ttf"; sourceTree = "<group>"; };
		7E58D6AB280B13650095AFFB /* Mulish-SemiBold.ttf */ = {isa = PBXFileReference; lastKnownFileType = file; path = "Mulish-SemiBold.ttf"; sourceTree = "<group>"; };
		7E58D6AD280B25D30095AFFB /* ConfigureStoryboard.swift */ = {isa = PBXFileReference; lastKnownFileType = sourcecode.swift; path = ConfigureStoryboard.swift; sourceTree = "<group>"; };
		C46FEC746C888F08C4BC3599 /* Pods-DesafioCamp_ODS10.release.xcconfig */ = {isa = PBXFileReference; includeInIndex = 1; lastKnownFileType = text.xcconfig; name = "Pods-DesafioCamp_ODS10.release.xcconfig"; path = "Target Support Files/Pods-DesafioCamp_ODS10/Pods-DesafioCamp_ODS10.release.xcconfig"; sourceTree = "<group>"; };
/* End PBXFileReference section */

/* Begin PBXFrameworksBuildPhase section */
		7E58D688280B06D40095AFFB /* Frameworks */ = {
			isa = PBXFrameworksBuildPhase;
			buildActionMask = 2147483647;
			files = (
				51CADEA5C3513FD1117385C3 /* Pods_DesafioCamp_ODS10.framework in Frameworks */,
			);
			runOnlyForDeploymentPostprocessing = 0;
		};
/* End PBXFrameworksBuildPhase section */

/* Begin PBXGroup section */
		3160843BB132D2C6722C15A8 /* Frameworks */ = {
			isa = PBXGroup;
			children = (
				797B211730F0ACC4395CEF95 /* Pods_DesafioCamp_ODS10.framework */,
			);
			name = Frameworks;
			sourceTree = "<group>";
		};
		7E2D15F8280B51B90060FECD /* TableList */ = {
			isa = PBXGroup;
			children = (
				7E2D15FA280B52D00060FECD /* TableViewList.swift */,
				7E4D3918280B4ECC00A7F25B /* HomeTableView.swift */,
				7E4D391A280B4F1200A7F25B /* TableCellComposition.swift */,
			);
			path = TableList;
			sourceTree = "<group>";
		};
		7E2D15F9280B51F30060FECD /* FilterList */ = {
			isa = PBXGroup;
			children = (
			);
			path = FilterList;
			sourceTree = "<group>";
		};
		7E4D390A280B4C9000A7F25B /* Delegates */ = {
			isa = PBXGroup;
			children = (
				7E58D68E280B06D40095AFFB /* AppDelegate.swift */,
				7E58D690280B06D40095AFFB /* SceneDelegate.swift */,
			);
			path = Delegates;
			sourceTree = "<group>";
		};
		7E4D390B280B4CA400A7F25B /* Presenter */ = {
			isa = PBXGroup;
			children = (
				7E4D3912280B4E0700A7F25B /* DocumentsPresenter.swift */,
				7E4D3914280B4E2D00A7F25B /* UserDocumentsPresenter.swift */,
				7E4D3916280B4E4C00A7F25B /* DocumentsDonePresenter.swift */,
			);
			path = Presenter;
			sourceTree = "<group>";
		};
		7E4D390C280B4CB000A7F25B /* View */ = {
			isa = PBXGroup;
			children = (
				7E58D694280B06D40095AFFB /* Main.storyboard */,
				7E58D692280B06D40095AFFB /* HomeViewController.swift */,
				7E2D15F8280B51B90060FECD /* TableList */,
				7E2D15F9280B51F30060FECD /* FilterList */,
			);
			path = View;
			sourceTree = "<group>";
		};
		7E4D390D280B4CB700A7F25B /* Model */ = {
			isa = PBXGroup;
			children = (
				7E4D390E280B4DD000A7F25B /* DocumentsParams.swift */,
				7E4D3910280B4DEA00A7F25B /* UserDocumentsParams.swift */,
			);
			path = Model;
			sourceTree = "<group>";
		};
		7E58D682280B06D30095AFFB = {
			isa = PBXGroup;
			children = (
				7E58D68D280B06D40095AFFB /* DesafioCamp_ODS10 */,
				7E58D68C280B06D40095AFFB /* Products */,
				998EFDAFCE74C294D5557358 /* Pods */,
				3160843BB132D2C6722C15A8 /* Frameworks */,
			);
			sourceTree = "<group>";
		};
		7E58D68C280B06D40095AFFB /* Products */ = {
			isa = PBXGroup;
			children = (
				7E58D68B280B06D40095AFFB /* DesafioCamp_ODS10.app */,
			);
			name = Products;
			sourceTree = "<group>";
		};
		7E58D68D280B06D40095AFFB /* DesafioCamp_ODS10 */ = {
			isa = PBXGroup;
			children = (
				7E4D390D280B4CB700A7F25B /* Model */,
				7E4D390C280B4CB000A7F25B /* View */,
				7E4D390B280B4CA400A7F25B /* Presenter */,
				7E58D6A2280B0AE00095AFFB /* Fonts */,
				7E58D6AD280B25D30095AFFB /* ConfigureStoryboard.swift */,
				7E4D390A280B4C9000A7F25B /* Delegates */,
				7E58D697280B06D50095AFFB /* Assets.xcassets */,
				7E58D69C280B06D50095AFFB /* Info.plist */,
				7E58D699280B06D50095AFFB /* LaunchScreen.storyboard */,
				7E2D15FC280B5DDD0060FECD /* Constants.swift */,
			);
			path = DesafioCamp_ODS10;
			sourceTree = "<group>";
		};
		7E58D6A2280B0AE00095AFFB /* Fonts */ = {
			isa = PBXGroup;
			children = (
				7E58D6A3280B0BCD0095AFFB /* Mulish-Bold.ttf */,
				7E58D6A5280B0BD60095AFFB /* Mulish-Medium.ttf */,
				7E58D6A7280B0BDE0095AFFB /* Mulish-Regular.ttf */,
				7E58D6A9280B0BEB0095AFFB /* Mulish-Black.ttf */,
				7E58D6AB280B13650095AFFB /* Mulish-SemiBold.ttf */,
			);
			path = Fonts;
			sourceTree = "<group>";
		};
		998EFDAFCE74C294D5557358 /* Pods */ = {
			isa = PBXGroup;
			children = (
				2203F455AC22DEDCAD0BF8EE /* Pods-DesafioCamp_ODS10.debug.xcconfig */,
				C46FEC746C888F08C4BC3599 /* Pods-DesafioCamp_ODS10.release.xcconfig */,
			);
			path = Pods;
			sourceTree = "<group>";
		};
/* End PBXGroup section */

/* Begin PBXNativeTarget section */
		7E58D68A280B06D40095AFFB /* DesafioCamp_ODS10 */ = {
			isa = PBXNativeTarget;
			buildConfigurationList = 7E58D69F280B06D50095AFFB /* Build configuration list for PBXNativeTarget "DesafioCamp_ODS10" */;
			buildPhases = (
				045C9293C2DE378A32C920D3 /* [CP] Check Pods Manifest.lock */,
				7E58D687280B06D40095AFFB /* Sources */,
				7E58D688280B06D40095AFFB /* Frameworks */,
				7E58D689280B06D40095AFFB /* Resources */,
			);
			buildRules = (
			);
			dependencies = (
			);
			name = DesafioCamp_ODS10;
			productName = DesafioCamp_ODS10;
			productReference = 7E58D68B280B06D40095AFFB /* DesafioCamp_ODS10.app */;
			productType = "com.apple.product-type.application";
		};
/* End PBXNativeTarget section */

/* Begin PBXProject section */
		7E58D683280B06D30095AFFB /* Project object */ = {
			isa = PBXProject;
			attributes = {
				BuildIndependentTargetsInParallel = 1;
				LastSwiftUpdateCheck = 1310;
				LastUpgradeCheck = 1310;
				TargetAttributes = {
					7E58D68A280B06D40095AFFB = {
						CreatedOnToolsVersion = 13.1;
					};
				};
			};
			buildConfigurationList = 7E58D686280B06D30095AFFB /* Build configuration list for PBXProject "DesafioCamp_ODS10" */;
			compatibilityVersion = "Xcode 12.0";
			developmentRegion = en;
			hasScannedForEncodings = 0;
			knownRegions = (
				en,
				Base,
			);
			mainGroup = 7E58D682280B06D30095AFFB;
			productRefGroup = 7E58D68C280B06D40095AFFB /* Products */;
			projectDirPath = "";
			projectRoot = "";
			targets = (
				7E58D68A280B06D40095AFFB /* DesafioCamp_ODS10 */,
			);
		};
/* End PBXProject section */

/* Begin PBXResourcesBuildPhase section */
		7E58D689280B06D40095AFFB /* Resources */ = {
			isa = PBXResourcesBuildPhase;
			buildActionMask = 2147483647;
			files = (
				7E58D69B280B06D50095AFFB /* LaunchScreen.storyboard in Resources */,
				7E58D6AA280B0BEB0095AFFB /* Mulish-Black.ttf in Resources */,
				7E58D698280B06D50095AFFB /* Assets.xcassets in Resources */,
				7E58D6A6280B0BD60095AFFB /* Mulish-Medium.ttf in Resources */,
				7E58D6A8280B0BDE0095AFFB /* Mulish-Regular.ttf in Resources */,
				7E58D6AC280B13650095AFFB /* Mulish-SemiBold.ttf in Resources */,
				7E58D696280B06D40095AFFB /* Main.storyboard in Resources */,
				7E58D6A4280B0BCD0095AFFB /* Mulish-Bold.ttf in Resources */,
			);
			runOnlyForDeploymentPostprocessing = 0;
		};
/* End PBXResourcesBuildPhase section */

/* Begin PBXShellScriptBuildPhase section */
		045C9293C2DE378A32C920D3 /* [CP] Check Pods Manifest.lock */ = {
			isa = PBXShellScriptBuildPhase;
			buildActionMask = 2147483647;
			files = (
			);
			inputFileListPaths = (
			);
			inputPaths = (
				"${PODS_PODFILE_DIR_PATH}/Podfile.lock",
				"${PODS_ROOT}/Manifest.lock",
			);
			name = "[CP] Check Pods Manifest.lock";
			outputFileListPaths = (
			);
			outputPaths = (
				"$(DERIVED_FILE_DIR)/Pods-DesafioCamp_ODS10-checkManifestLockResult.txt",
			);
			runOnlyForDeploymentPostprocessing = 0;
			shellPath = /bin/sh;
			shellScript = "diff \"${PODS_PODFILE_DIR_PATH}/Podfile.lock\" \"${PODS_ROOT}/Manifest.lock\" > /dev/null\nif [ $? != 0 ] ; then\n    # print error to STDERR\n    echo \"error: The sandbox is not in sync with the Podfile.lock. Run 'pod install' or update your CocoaPods installation.\" >&2\n    exit 1\nfi\n# This output is used by Xcode 'outputs' to avoid re-running this script phase.\necho \"SUCCESS\" > \"${SCRIPT_OUTPUT_FILE_0}\"\n";
			showEnvVarsInLog = 0;
		};
/* End PBXShellScriptBuildPhase section */

/* Begin PBXSourcesBuildPhase section */
		7E58D687280B06D40095AFFB /* Sources */ = {
			isa = PBXSourcesBuildPhase;
			buildActionMask = 2147483647;
			files = (
				7E4D391B280B4F1200A7F25B /* TableCellComposition.swift in Sources */,
				7E4D3915280B4E2D00A7F25B /* UserDocumentsPresenter.swift in Sources */,
				7E58D693280B06D40095AFFB /* HomeViewController.swift in Sources */,
				7E4D3911280B4DEA00A7F25B /* UserDocumentsParams.swift in Sources */,
				7E4D3913280B4E0700A7F25B /* DocumentsPresenter.swift in Sources */,
				7E4D3917280B4E4C00A7F25B /* DocumentsDonePresenter.swift in Sources */,
				7E58D68F280B06D40095AFFB /* AppDelegate.swift in Sources */,
				7E2D15FD280B5DDD0060FECD /* Constants.swift in Sources */,
				7E4D3919280B4ECC00A7F25B /* HomeTableView.swift in Sources */,
				7E4D390F280B4DD000A7F25B /* DocumentsParams.swift in Sources */,
				7E2D15FB280B52D00060FECD /* TableViewList.swift in Sources */,
				7E58D691280B06D40095AFFB /* SceneDelegate.swift in Sources */,
				7E58D6AE280B25D30095AFFB /* ConfigureStoryboard.swift in Sources */,
			);
			runOnlyForDeploymentPostprocessing = 0;
		};
/* End PBXSourcesBuildPhase section */

/* Begin PBXVariantGroup section */
		7E58D694280B06D40095AFFB /* Main.storyboard */ = {
			isa = PBXVariantGroup;
			children = (
				7E58D695280B06D40095AFFB /* Base */,
			);
			name = Main.storyboard;
			sourceTree = "<group>";
		};
		7E58D699280B06D50095AFFB /* LaunchScreen.storyboard */ = {
			isa = PBXVariantGroup;
			children = (
				7E58D69A280B06D50095AFFB /* Base */,
			);
			name = LaunchScreen.storyboard;
			sourceTree = "<group>";
		};
/* End PBXVariantGroup section */

/* Begin XCBuildConfiguration section */
		7E58D69D280B06D50095AFFB /* Debug */ = {
			isa = XCBuildConfiguration;
			buildSettings = {
				ALWAYS_SEARCH_USER_PATHS = NO;
				CLANG_ANALYZER_NONNULL = YES;
				CLANG_ANALYZER_NUMBER_OBJECT_CONVERSION = YES_AGGRESSIVE;
				CLANG_CXX_LANGUAGE_STANDARD = "gnu++17";
				CLANG_CXX_LIBRARY = "libc++";
				CLANG_ENABLE_MODULES = YES;
				CLANG_ENABLE_OBJC_ARC = YES;
				CLANG_ENABLE_OBJC_WEAK = YES;
				CLANG_WARN_BLOCK_CAPTURE_AUTORELEASING = YES;
				CLANG_WARN_BOOL_CONVERSION = YES;
				CLANG_WARN_COMMA = YES;
				CLANG_WARN_CONSTANT_CONVERSION = YES;
				CLANG_WARN_DEPRECATED_OBJC_IMPLEMENTATIONS = YES;
				CLANG_WARN_DIRECT_OBJC_ISA_USAGE = YES_ERROR;
				CLANG_WARN_DOCUMENTATION_COMMENTS = YES;
				CLANG_WARN_EMPTY_BODY = YES;
				CLANG_WARN_ENUM_CONVERSION = YES;
				CLANG_WARN_INFINITE_RECURSION = YES;
				CLANG_WARN_INT_CONVERSION = YES;
				CLANG_WARN_NON_LITERAL_NULL_CONVERSION = YES;
				CLANG_WARN_OBJC_IMPLICIT_RETAIN_SELF = YES;
				CLANG_WARN_OBJC_LITERAL_CONVERSION = YES;
				CLANG_WARN_OBJC_ROOT_CLASS = YES_ERROR;
				CLANG_WARN_QUOTED_INCLUDE_IN_FRAMEWORK_HEADER = YES;
				CLANG_WARN_RANGE_LOOP_ANALYSIS = YES;
				CLANG_WARN_STRICT_PROTOTYPES = YES;
				CLANG_WARN_SUSPICIOUS_MOVE = YES;
				CLANG_WARN_UNGUARDED_AVAILABILITY = YES_AGGRESSIVE;
				CLANG_WARN_UNREACHABLE_CODE = YES;
				CLANG_WARN__DUPLICATE_METHOD_MATCH = YES;
				COPY_PHASE_STRIP = NO;
				DEBUG_INFORMATION_FORMAT = dwarf;
				ENABLE_STRICT_OBJC_MSGSEND = YES;
				ENABLE_TESTABILITY = YES;
				GCC_C_LANGUAGE_STANDARD = gnu11;
				GCC_DYNAMIC_NO_PIC = NO;
				GCC_NO_COMMON_BLOCKS = YES;
				GCC_OPTIMIZATION_LEVEL = 0;
				GCC_PREPROCESSOR_DEFINITIONS = (
					"DEBUG=1",
					"$(inherited)",
				);
				GCC_WARN_64_TO_32_BIT_CONVERSION = YES;
				GCC_WARN_ABOUT_RETURN_TYPE = YES_ERROR;
				GCC_WARN_UNDECLARED_SELECTOR = YES;
				GCC_WARN_UNINITIALIZED_AUTOS = YES_AGGRESSIVE;
				GCC_WARN_UNUSED_FUNCTION = YES;
				GCC_WARN_UNUSED_VARIABLE = YES;
				IPHONEOS_DEPLOYMENT_TARGET = 14.0;
				MTL_ENABLE_DEBUG_INFO = INCLUDE_SOURCE;
				MTL_FAST_MATH = YES;
				ONLY_ACTIVE_ARCH = YES;
				SDKROOT = iphoneos;
				SWIFT_ACTIVE_COMPILATION_CONDITIONS = DEBUG;
				SWIFT_OPTIMIZATION_LEVEL = "-Onone";
			};
			name = Debug;
		};
		7E58D69E280B06D50095AFFB /* Release */ = {
			isa = XCBuildConfiguration;
			buildSettings = {
				ALWAYS_SEARCH_USER_PATHS = NO;
				CLANG_ANALYZER_NONNULL = YES;
				CLANG_ANALYZER_NUMBER_OBJECT_CONVERSION = YES_AGGRESSIVE;
				CLANG_CXX_LANGUAGE_STANDARD = "gnu++17";
				CLANG_CXX_LIBRARY = "libc++";
				CLANG_ENABLE_MODULES = YES;
				CLANG_ENABLE_OBJC_ARC = YES;
				CLANG_ENABLE_OBJC_WEAK = YES;
				CLANG_WARN_BLOCK_CAPTURE_AUTORELEASING = YES;
				CLANG_WARN_BOOL_CONVERSION = YES;
				CLANG_WARN_COMMA = YES;
				CLANG_WARN_CONSTANT_CONVERSION = YES;
				CLANG_WARN_DEPRECATED_OBJC_IMPLEMENTATIONS = YES;
				CLANG_WARN_DIRECT_OBJC_ISA_USAGE = YES_ERROR;
				CLANG_WARN_DOCUMENTATION_COMMENTS = YES;
				CLANG_WARN_EMPTY_BODY = YES;
				CLANG_WARN_ENUM_CONVERSION = YES;
				CLANG_WARN_INFINITE_RECURSION = YES;
				CLANG_WARN_INT_CONVERSION = YES;
				CLANG_WARN_NON_LITERAL_NULL_CONVERSION = YES;
				CLANG_WARN_OBJC_IMPLICIT_RETAIN_SELF = YES;
				CLANG_WARN_OBJC_LITERAL_CONVERSION = YES;
				CLANG_WARN_OBJC_ROOT_CLASS = YES_ERROR;
				CLANG_WARN_QUOTED_INCLUDE_IN_FRAMEWORK_HEADER = YES;
				CLANG_WARN_RANGE_LOOP_ANALYSIS = YES;
				CLANG_WARN_STRICT_PROTOTYPES = YES;
				CLANG_WARN_SUSPICIOUS_MOVE = YES;
				CLANG_WARN_UNGUARDED_AVAILABILITY = YES_AGGRESSIVE;
				CLANG_WARN_UNREACHABLE_CODE = YES;
				CLANG_WARN__DUPLICATE_METHOD_MATCH = YES;
				COPY_PHASE_STRIP = NO;
				DEBUG_INFORMATION_FORMAT = "dwarf-with-dsym";
				ENABLE_NS_ASSERTIONS = NO;
				ENABLE_STRICT_OBJC_MSGSEND = YES;
				GCC_C_LANGUAGE_STANDARD = gnu11;
				GCC_NO_COMMON_BLOCKS = YES;
				GCC_WARN_64_TO_32_BIT_CONVERSION = YES;
				GCC_WARN_ABOUT_RETURN_TYPE = YES_ERROR;
				GCC_WARN_UNDECLARED_SELECTOR = YES;
				GCC_WARN_UNINITIALIZED_AUTOS = YES_AGGRESSIVE;
				GCC_WARN_UNUSED_FUNCTION = YES;
				GCC_WARN_UNUSED_VARIABLE = YES;
				IPHONEOS_DEPLOYMENT_TARGET = 14.0;
				MTL_ENABLE_DEBUG_INFO = NO;
				MTL_FAST_MATH = YES;
				SDKROOT = iphoneos;
				SWIFT_COMPILATION_MODE = wholemodule;
				SWIFT_OPTIMIZATION_LEVEL = "-O";
				VALIDATE_PRODUCT = YES;
			};
			name = Release;
		};
		7E58D6A0280B06D50095AFFB /* Debug */ = {
			isa = XCBuildConfiguration;
			baseConfigurationReference = 2203F455AC22DEDCAD0BF8EE /* Pods-DesafioCamp_ODS10.debug.xcconfig */;
			buildSettings = {
				ASSETCATALOG_COMPILER_APPICON_NAME = AppIcon;
				ASSETCATALOG_COMPILER_GLOBAL_ACCENT_COLOR_NAME = AccentColor;
				ASSETCATALOG_COMPILER_INCLUDE_ALL_APPICON_ASSETS = YES;
				CODE_SIGN_STYLE = Automatic;
				CURRENT_PROJECT_VERSION = 1;
				DEVELOPMENT_TEAM = 6BRAUQJ3C5;
				GENERATE_INFOPLIST_FILE = YES;
				INFOPLIST_FILE = DesafioCamp_ODS10/Info.plist;
				INFOPLIST_KEY_UIApplicationSupportsIndirectInputEvents = YES;
				INFOPLIST_KEY_UILaunchStoryboardName = LaunchScreen;
				INFOPLIST_KEY_UIMainStoryboardFile = Main;
				INFOPLIST_KEY_UISupportedInterfaceOrientations_iPad = "UIInterfaceOrientationPortrait UIInterfaceOrientationPortraitUpsideDown UIInterfaceOrientationLandscapeLeft UIInterfaceOrientationLandscapeRight";
				INFOPLIST_KEY_UISupportedInterfaceOrientations_iPhone = "UIInterfaceOrientationPortrait UIInterfaceOrientationLandscapeLeft UIInterfaceOrientationLandscapeRight";
				LD_RUNPATH_SEARCH_PATHS = (
					"$(inherited)",
					"@executable_path/Frameworks",
				);
				MARKETING_VERSION = 1.0;
				PRODUCT_BUNDLE_IDENTIFIER = "MyFirstAppApple.DesafioCamp-ODS10";
				PRODUCT_NAME = "$(TARGET_NAME)";
				SWIFT_EMIT_LOC_STRINGS = YES;
				SWIFT_VERSION = 5.0;
				TARGETED_DEVICE_FAMILY = "1,2";
			};
			name = Debug;
		};
		7E58D6A1280B06D50095AFFB /* Release */ = {
			isa = XCBuildConfiguration;
			baseConfigurationReference = C46FEC746C888F08C4BC3599 /* Pods-DesafioCamp_ODS10.release.xcconfig */;
			buildSettings = {
				ASSETCATALOG_COMPILER_APPICON_NAME = AppIcon;
				ASSETCATALOG_COMPILER_GLOBAL_ACCENT_COLOR_NAME = AccentColor;
				ASSETCATALOG_COMPILER_INCLUDE_ALL_APPICON_ASSETS = YES;
				CODE_SIGN_STYLE = Automatic;
				CURRENT_PROJECT_VERSION = 1;
				DEVELOPMENT_TEAM = 6BRAUQJ3C5;
				GENERATE_INFOPLIST_FILE = YES;
				INFOPLIST_FILE = DesafioCamp_ODS10/Info.plist;
				INFOPLIST_KEY_UIApplicationSupportsIndirectInputEvents = YES;
				INFOPLIST_KEY_UILaunchStoryboardName = LaunchScreen;
				INFOPLIST_KEY_UIMainStoryboardFile = Main;
				INFOPLIST_KEY_UISupportedInterfaceOrientations_iPad = "UIInterfaceOrientationPortrait UIInterfaceOrientationPortraitUpsideDown UIInterfaceOrientationLandscapeLeft UIInterfaceOrientationLandscapeRight";
				INFOPLIST_KEY_UISupportedInterfaceOrientations_iPhone = "UIInterfaceOrientationPortrait UIInterfaceOrientationLandscapeLeft UIInterfaceOrientationLandscapeRight";
				LD_RUNPATH_SEARCH_PATHS = (
					"$(inherited)",
					"@executable_path/Frameworks",
				);
				MARKETING_VERSION = 1.0;
				PRODUCT_BUNDLE_IDENTIFIER = "MyFirstAppApple.DesafioCamp-ODS10";
				PRODUCT_NAME = "$(TARGET_NAME)";
				SWIFT_EMIT_LOC_STRINGS = YES;
				SWIFT_VERSION = 5.0;
				TARGETED_DEVICE_FAMILY = "1,2";
			};
			name = Release;
		};
/* End XCBuildConfiguration section */

/* Begin XCConfigurationList section */
		7E58D686280B06D30095AFFB /* Build configuration list for PBXProject "DesafioCamp_ODS10" */ = {
			isa = XCConfigurationList;
			buildConfigurations = (
				7E58D69D280B06D50095AFFB /* Debug */,
				7E58D69E280B06D50095AFFB /* Release */,
			);
			defaultConfigurationIsVisible = 0;
			defaultConfigurationName = Release;
		};
		7E58D69F280B06D50095AFFB /* Build configuration list for PBXNativeTarget "DesafioCamp_ODS10" */ = {
			isa = XCConfigurationList;
			buildConfigurations = (
				7E58D6A0280B06D50095AFFB /* Debug */,
				7E58D6A1280B06D50095AFFB /* Release */,
			);
			defaultConfigurationIsVisible = 0;
			defaultConfigurationName = Release;
		};
/* End XCConfigurationList section */
	};
	rootObject = 7E58D683280B06D30095AFFB /* Project object */;
}
